# This file was autogenerated by Stack.
# You should not edit this file by hand.
# For more information, please see the documentation at:
#   https://docs.haskellstack.org/en/stable/lock_files

snapshots:
- original: lts-18.0
  completed:
    sha256: c632012da648385b9fa3c29f4e0afd56ead299f1c5528ee789058be410e883c0
    url: https://raw.githubusercontent.com/commercialhaskell/stackage-snapshots/master/lts/18/0.yaml
    size: 585393
packages:
- original:
    hackage: fused-effects-1.1.1.1@sha256:c029c5fb0b2154281221a71ff25709d2a11347fe061fa8c2398e7fe52a16008d,4932
  completed:
    pantry-tree:
      sha256: 7d09ba6d70fc49a5fd2feef0e6b06122589b9f5e4539680c9d7933773e7273d7
      size: 6345
    hackage: fused-effects-1.1.1.1@sha256:c029c5fb0b2154281221a71ff25709d2a11347fe061fa8c2398e7fe52a16008d,4932
